
Microsoft Visual Studio Solution File, Format Version 12.00
# Visual Studio Version 17
VisualStudioVersion = 17.11.35222.181
MinimumVisualStudioVersion = 10.0.40219.1
Project("{9A19103F-16F7-4668-BE54-9A1E7A4F7556}") = "CommonLayer", "CommonLayer\CommonLayer.csproj", "{8D880AE8-4B43-43F2-8351-76C45F84A61F}"
EndProject
Project("{9A19103F-16F7-4668-BE54-9A1E7A4F7556}") = "DataAccessLayer", "DataAccessLayer\DataAccessLayer.csproj", "{77497907-4E96-4AD9-B63C-35897499F561}"
EndProject
Project("{9A19103F-16F7-4668-BE54-9A1E7A4F7556}") = "PresentationLayer", "PresentationLayer\PresentationLayer.csproj", "{B88800AA-8DD2-4638-A732-B8825C5A3472}"
EndProject
Project("{FAE04EC0-301F-11D3-BF4B-00C04F79EFBC}") = "BussisnesLayer", "BussisnesLayer\BussisnesLayer.csproj", "{9D0E28F6-9F45-4349-AA50-6E09AD68F0A8}"
EndProject
Global
	GlobalSection(SolutionConfigurationPlatforms) = preSolution
		Debug|Any CPU = Debug|Any CPU
		Release|Any CPU = Release|Any CPU
	EndGlobalSection
	GlobalSection(ProjectConfigurationPlatforms) = postSolution
		{8D880AE8-4B43-43F2-8351-76C45F84A61F}.Debug|Any CPU.ActiveCfg = Debug|Any CPU
		{8D880AE8-4B43-43F2-8351-76C45F84A61F}.Debug|Any CPU.Build.0 = Debug|Any CPU
		{8D880AE8-4B43-43F2-8351-76C45F84A61F}.Release|Any CPU.ActiveCfg = Release|Any CPU
		{8D880AE8-4B43-43F2-8351-76C45F84A61F}.Release|Any CPU.Build.0 = Release|Any CPU
		{77497907-4E96-4AD9-B63C-35897499F561}.Debug|Any CPU.ActiveCfg = Debug|Any CPU
		{77497907-4E96-4AD9-B63C-35897499F561}.Debug|Any CPU.Build.0 = Debug|Any CPU
		{77497907-4E96-4AD9-B63C-35897499F561}.Release|Any CPU.ActiveCfg = Release|Any CPU
		{77497907-4E96-4AD9-B63C-35897499F561}.Release|Any CPU.Build.0 = Release|Any CPU
		{B88800AA-8DD2-4638-A732-B8825C5A3472}.Debug|Any CPU.ActiveCfg = Debug|Any CPU
		{B88800AA-8DD2-4638-A732-B8825C5A3472}.Debug|Any CPU.Build.0 = Debug|Any CPU
		{B88800AA-8DD2-4638-A732-B8825C5A3472}.Release|Any CPU.ActiveCfg = Release|Any CPU
		{B88800AA-8DD2-4638-A732-B8825C5A3472}.Release|Any CPU.Build.0 = Release|Any CPU
		{9D0E28F6-9F45-4349-AA50-6E09AD68F0A8}.Debug|Any CPU.ActiveCfg = Debug|Any CPU
		{9D0E28F6-9F45-4349-AA50-6E09AD68F0A8}.Debug|Any CPU.Build.0 = Debug|Any CPU
		{9D0E28F6-9F45-4349-AA50-6E09AD68F0A8}.Release|Any CPU.ActiveCfg = Release|Any CPU
		{9D0E28F6-9F45-4349-AA50-6E09AD68F0A8}.Release|Any CPU.Build.0 = Release|Any CPU
	EndGlobalSection
	GlobalSection(SolutionProperties) = preSolution
		HideSolutionNode = FALSE
	EndGlobalSection
	GlobalSection(ExtensibilityGlobals) = postSolution
		SolutionGuid = {FB59873B-EB42-4173-896D-C394F76E8140}
	EndGlobalSection
EndGlobal
